
Microsoft Visual Studio Solution File, Format Version 12.00
# Visual Studio Version 16
VisualStudioVersion = 16.0.29503.13
MinimumVisualStudioVersion = 10.0.40219.1
Project("{FAE04EC0-301F-11D3-BF4B-00C04F79EFBC}") = "Utilities", "Utilities.csproj", "{A368DCC5-458D-47A2-B37C-575B7F12D0A3}"
EndProject
Global
	GlobalSection(SolutionConfigurationPlatforms) = preSolution
		Debug|Any CPU = Debug|Any CPU
		Release|Any CPU = Release|Any CPU
	EndGlobalSection
	GlobalSection(ProjectConfigurationPlatforms) = postSolution
		{A368DCC5-458D-47A2-B37C-575B7F12D0A3}.Debug|Any CPU.ActiveCfg = Debug|Any CPU
		{A368DCC5-458D-47A2-B37C-575B7F12D0A3}.Debug|Any CPU.Build.0 = Debug|Any CPU
		{A368DCC5-458D-47A2-B37C-575B7F12D0A3}.Release|Any CPU.ActiveCfg = Release|Any CPU
		{A368DCC5-458D-47A2-B37C-575B7F12D0A3}.Release|Any CPU.Build.0 = Release|Any CPU
	EndGlobalSection
	GlobalSection(SolutionProperties) = preSolution
		HideSolutionNode = FALSE
	EndGlobalSection
	GlobalSection(ExtensibilityGlobals) = postSolution
		SolutionGuid = {A96D2A40-56AA-4D94-9355-F386692CC765}
	EndGlobalSection
EndGlobal
