
Microsoft Visual Studio Solution File, Format Version 12.00
# Visual Studio Version 16
VisualStudioVersion = 16.0.29503.13
MinimumVisualStudioVersion = 10.0.40219.1
Project("{FAE04EC0-301F-11D3-BF4B-00C04F79EFBC}") = "Puzzle1", "Puzzle1\Puzzle1.csproj", "{FA226391-27C4-4D7A-8173-54743BA7E796}"
EndProject
Project("{FAE04EC0-301F-11D3-BF4B-00C04F79EFBC}") = "Puzzle2", "Puzzle2\Puzzle2.csproj", "{0306A221-8285-4DA9-A961-6253429058A5}"
EndProject
Global
	GlobalSection(SolutionConfigurationPlatforms) = preSolution
		Debug|Any CPU = Debug|Any CPU
		Release|Any CPU = Release|Any CPU
	EndGlobalSection
	GlobalSection(ProjectConfigurationPlatforms) = postSolution
		{FA226391-27C4-4D7A-8173-54743BA7E796}.Debug|Any CPU.ActiveCfg = Debug|Any CPU
		{FA226391-27C4-4D7A-8173-54743BA7E796}.Debug|Any CPU.Build.0 = Debug|Any CPU
		{FA226391-27C4-4D7A-8173-54743BA7E796}.Release|Any CPU.ActiveCfg = Release|Any CPU
		{FA226391-27C4-4D7A-8173-54743BA7E796}.Release|Any CPU.Build.0 = Release|Any CPU
		{0306A221-8285-4DA9-A961-6253429058A5}.Debug|Any CPU.ActiveCfg = Debug|Any CPU
		{0306A221-8285-4DA9-A961-6253429058A5}.Debug|Any CPU.Build.0 = Debug|Any CPU
		{0306A221-8285-4DA9-A961-6253429058A5}.Release|Any CPU.ActiveCfg = Release|Any CPU
		{0306A221-8285-4DA9-A961-6253429058A5}.Release|Any CPU.Build.0 = Release|Any CPU
	EndGlobalSection
	GlobalSection(SolutionProperties) = preSolution
		HideSolutionNode = FALSE
	EndGlobalSection
	GlobalSection(ExtensibilityGlobals) = postSolution
		SolutionGuid = {B29680B3-A034-4747-AECD-AA90AC250DA1}
	EndGlobalSection
EndGlobal
