
Microsoft Visual Studio Solution File, Format Version 12.00
# Visual Studio Version 16
VisualStudioVersion = 16.0.29503.13
MinimumVisualStudioVersion = 10.0.40219.1
Project("{FAE04EC0-301F-11D3-BF4B-00C04F79EFBC}") = "Puzzle1", "Puzzle1\Puzzle1.csproj", "{97DD8671-DBD2-455B-8C8F-5F1CD6DD6961}"
EndProject
Project("{FAE04EC0-301F-11D3-BF4B-00C04F79EFBC}") = "Puzzle2", "Puzzle2\Puzzle2.csproj", "{64BEC9CD-97E4-43B0-9EF8-A93CB737DEBB}"
EndProject
Global
	GlobalSection(SolutionConfigurationPlatforms) = preSolution
		Debug|Any CPU = Debug|Any CPU
		Release|Any CPU = Release|Any CPU
	EndGlobalSection
	GlobalSection(ProjectConfigurationPlatforms) = postSolution
		{97DD8671-DBD2-455B-8C8F-5F1CD6DD6961}.Debug|Any CPU.ActiveCfg = Debug|Any CPU
		{97DD8671-DBD2-455B-8C8F-5F1CD6DD6961}.Debug|Any CPU.Build.0 = Debug|Any CPU
		{97DD8671-DBD2-455B-8C8F-5F1CD6DD6961}.Release|Any CPU.ActiveCfg = Release|Any CPU
		{97DD8671-DBD2-455B-8C8F-5F1CD6DD6961}.Release|Any CPU.Build.0 = Release|Any CPU
		{64BEC9CD-97E4-43B0-9EF8-A93CB737DEBB}.Debug|Any CPU.ActiveCfg = Debug|Any CPU
		{64BEC9CD-97E4-43B0-9EF8-A93CB737DEBB}.Debug|Any CPU.Build.0 = Debug|Any CPU
		{64BEC9CD-97E4-43B0-9EF8-A93CB737DEBB}.Release|Any CPU.ActiveCfg = Release|Any CPU
		{64BEC9CD-97E4-43B0-9EF8-A93CB737DEBB}.Release|Any CPU.Build.0 = Release|Any CPU
	EndGlobalSection
	GlobalSection(SolutionProperties) = preSolution
		HideSolutionNode = FALSE
	EndGlobalSection
	GlobalSection(ExtensibilityGlobals) = postSolution
		SolutionGuid = {A56AA0E9-0080-48C6-8FF0-15AD744E5C04}
	EndGlobalSection
EndGlobal
