
Microsoft Visual Studio Solution File, Format Version 12.00
# Visual Studio Version 16
VisualStudioVersion = 16.0.29503.13
MinimumVisualStudioVersion = 10.0.40219.1
Project("{FAE04EC0-301F-11D3-BF4B-00C04F79EFBC}") = "MyAoC2019", "MyAoC2019\MyAoC2019.csproj", "{853C5C0F-F034-48F5-9738-01AABC94F996}"
EndProject
Global
	GlobalSection(SolutionConfigurationPlatforms) = preSolution
		Debug|Any CPU = Debug|Any CPU
		Release|Any CPU = Release|Any CPU
	EndGlobalSection
	GlobalSection(ProjectConfigurationPlatforms) = postSolution
		{853C5C0F-F034-48F5-9738-01AABC94F996}.Debug|Any CPU.ActiveCfg = Debug|Any CPU
		{853C5C0F-F034-48F5-9738-01AABC94F996}.Debug|Any CPU.Build.0 = Debug|Any CPU
		{853C5C0F-F034-48F5-9738-01AABC94F996}.Release|Any CPU.ActiveCfg = Release|Any CPU
		{853C5C0F-F034-48F5-9738-01AABC94F996}.Release|Any CPU.Build.0 = Release|Any CPU
	EndGlobalSection
	GlobalSection(SolutionProperties) = preSolution
		HideSolutionNode = FALSE
	EndGlobalSection
	GlobalSection(ExtensibilityGlobals) = postSolution
		SolutionGuid = {8311B8B7-577C-47E6-BE12-E549581F0FCF}
	EndGlobalSection
EndGlobal
